{
  "name": "hello-world-lumen",
  "version": "1.0.0",
  "lockfileVersion": 3,
  "requires": true,
  "packages": {
    "": {
      "name": "hello-world-lumen",
      "version": "1.0.0",
      "license": "ISC",
      "devDependencies": {
        "deno-bin": "^1.37.2"
      }
    },
    "node_modules/adm-zip": {
      "version": "0.5.10",
      "resolved": "https://registry.npmjs.org/adm-zip/-/adm-zip-0.5.10.tgz",
      "integrity": "sha512-x0HvcHqVJNTPk/Bw8JbLWlWoo6Wwnsug0fnYYro1HBrjxZ3G7/AZk7Ahv8JwDe1uIcz8eBqvu86FuF1POiG7vQ==",
      "dev": true,
      "engines": {
        "node": ">=6.0"
      }
    },
    "node_modules/deno-bin": {
      "version": "1.37.2",
      "resolved": "https://registry.npmjs.org/deno-bin/-/deno-bin-1.37.2.tgz",
      "integrity": "sha512-eF6S6mrhNVktJsu6ENtqszQgDJXlbSM5RfffRe8NXNxYG0k+z9KGCJePV/Uw1I/nFn3a9wrU9ZgdsKQeWf+sDA==",
      "dev": true,
      "hasInstallScript": true,
      "dependencies": {
        "adm-zip": "^0.5.4"
      },
      "bin": {
        "deno": "bin/deno.js",
        "deno-bin": "bin/deno.js"
      }
    }
  }
}
